// !$*UTF8*$!
{
	archiveVersion = 1;
	classes = {
	};
	objectVersion = 46;
	objects = {

/* Begin PBXBuildFile section */
		056D90CF1DAD0076007C0CD9 /* AppDelegate.swift in Sources */ = {isa = PBXBuildFile; fileRef = 056D90CE1DAD0076007C0CD9 /* AppDelegate.swift */; };
		056D90D11DAD0076007C0CD9 /* ViewController.swift in Sources */ = {isa = PBXBuildFile; fileRef = 056D90D01DAD0076007C0CD9 /* ViewController.swift */; };
		056D90D41DAD0076007C0CD9 /* Main.storyboard in Resources */ = {isa = PBXBuildFile; fileRef = 056D90D21DAD0076007C0CD9 /* Main.storyboard */; };
		056D90D61DAD0076007C0CD9 /* Assets.xcassets in Resources */ = {isa = PBXBuildFile; fileRef = 056D90D51DAD0076007C0CD9 /* Assets.xcassets */; };
		056D90D91DAD0076007C0CD9 /* LaunchScreen.storyboard in Resources */ = {isa = PBXBuildFile; fileRef = 056D90D71DAD0076007C0CD9 /* LaunchScreen.storyboard */; };
		056D90E31DAD01AA007C0CD9 /* PlaceCell.swift in Sources */ = {isa = PBXBuildFile; fileRef = 056D90E21DAD01AA007C0CD9 /* PlaceCell.swift */; };
		056D90E71DAD01E3007C0CD9 /* ReviewViewController.swift in Sources */ = {isa = PBXBuildFile; fileRef = 056D90E41DAD01E3007C0CD9 /* ReviewViewController.swift */; };
		056D90E81DAD01E3007C0CD9 /* DetailViewController.swift in Sources */ = {isa = PBXBuildFile; fileRef = 056D90E51DAD01E3007C0CD9 /* DetailViewController.swift */; };
		056D90E91DAD01E3007C0CD9 /* PlaceDetailViewCell.swift in Sources */ = {isa = PBXBuildFile; fileRef = 056D90E61DAD01E3007C0CD9 /* PlaceDetailViewCell.swift */; };
		056D90EB1DAD0211007C0CD9 /* Place.swift in Sources */ = {isa = PBXBuildFile; fileRef = 056D90EA1DAD0211007C0CD9 /* Place.swift */; };
		056D90EE1DAD0870007C0CD9 /* MapKit.framework in Frameworks */ = {isa = PBXBuildFile; fileRef = 056D90ED1DAD0870007C0CD9 /* MapKit.framework */; };
		056D90F01DAD09FC007C0CD9 /* MapViewController.swift in Sources */ = {isa = PBXBuildFile; fileRef = 056D90EF1DAD09FC007C0CD9 /* MapViewController.swift */; };
		056D90F21DAE7398007C0CD9 /* AddPlaceTableViewController.swift in Sources */ = {isa = PBXBuildFile; fileRef = 056D90F11DAE7398007C0CD9 /* AddPlaceTableViewController.swift */; };
/* End PBXBuildFile section */

/* Begin PBXFileReference section */
		056D90CB1DAD0076007C0CD9 /* Lugares 2.0.app */ = {isa = PBXFileReference; explicitFileType = wrapper.application; includeInIndex = 0; path = "Lugares 2.0.app"; sourceTree = BUILT_PRODUCTS_DIR; };
		056D90CE1DAD0076007C0CD9 /* AppDelegate.swift */ = {isa = PBXFileReference; lastKnownFileType = sourcecode.swift; path = AppDelegate.swift; sourceTree = "<group>"; };
		056D90D01DAD0076007C0CD9 /* ViewController.swift */ = {isa = PBXFileReference; lastKnownFileType = sourcecode.swift; path = ViewController.swift; sourceTree = "<group>"; };
		056D90D31DAD0076007C0CD9 /* Base */ = {isa = PBXFileReference; lastKnownFileType = file.storyboard; name = Base; path = Base.lproj/Main.storyboard; sourceTree = "<group>"; };
		056D90D51DAD0076007C0CD9 /* Assets.xcassets */ = {isa = PBXFileReference; lastKnownFileType = folder.assetcatalog; path = Assets.xcassets; sourceTree = "<group>"; };
		056D90D81DAD0076007C0CD9 /* Base */ = {isa = PBXFileReference; lastKnownFileType = file.storyboard; name = Base; path = Base.lproj/LaunchScreen.storyboard; sourceTree = "<group>"; };
		056D90DA1DAD0076007C0CD9 /* Info.plist */ = {isa = PBXFileReference; lastKnownFileType = text.plist.xml; path = Info.plist; sourceTree = "<group>"; };
		056D90E21DAD01AA007C0CD9 /* PlaceCell.swift */ = {isa = PBXFileReference; fileEncoding = 4; lastKnownFileType = sourcecode.swift; path = PlaceCell.swift; sourceTree = "<group>"; };
		056D90E41DAD01E3007C0CD9 /* ReviewViewController.swift */ = {isa = PBXFileReference; fileEncoding = 4; lastKnownFileType = sourcecode.swift; path = ReviewViewController.swift; sourceTree = "<group>"; };
		056D90E51DAD01E3007C0CD9 /* DetailViewController.swift */ = {isa = PBXFileReference; fileEncoding = 4; lastKnownFileType = sourcecode.swift; path = DetailViewController.swift; sourceTree = "<group>"; };
		056D90E61DAD01E3007C0CD9 /* PlaceDetailViewCell.swift */ = {isa = PBXFileReference; fileEncoding = 4; lastKnownFileType = sourcecode.swift; path = PlaceDetailViewCell.swift; sourceTree = "<group>"; };
		056D90EA1DAD0211007C0CD9 /* Place.swift */ = {isa = PBXFileReference; fileEncoding = 4; lastKnownFileType = sourcecode.swift; path = Place.swift; sourceTree = "<group>"; };
		056D90ED1DAD0870007C0CD9 /* MapKit.framework */ = {isa = PBXFileReference; lastKnownFileType = wrapper.framework; name = MapKit.framework; path = System/Library/Frameworks/MapKit.framework; sourceTree = SDKROOT; };
		056D90EF1DAD09FC007C0CD9 /* MapViewController.swift */ = {isa = PBXFileReference; fileEncoding = 4; lastKnownFileType = sourcecode.swift; path = MapViewController.swift; sourceTree = "<group>"; };
		056D90F11DAE7398007C0CD9 /* AddPlaceTableViewController.swift */ = {isa = PBXFileReference; fileEncoding = 4; lastKnownFileType = sourcecode.swift; path = AddPlaceTableViewController.swift; sourceTree = "<group>"; };
/* End PBXFileReference section */

/* Begin PBXFrameworksBuildPhase section */
		056D90C81DAD0076007C0CD9 /* Frameworks */ = {
			isa = PBXFrameworksBuildPhase;
			buildActionMask = 2147483647;
			files = (
				056D90EE1DAD0870007C0CD9 /* MapKit.framework in Frameworks */,
			);
			runOnlyForDeploymentPostprocessing = 0;
		};
/* End PBXFrameworksBuildPhase section */

/* Begin PBXGroup section */
		056D90C21DAD0076007C0CD9 = {
			isa = PBXGroup;
			children = (
				056D90CD1DAD0076007C0CD9 /* Lugares 2.0 */,
				056D90CC1DAD0076007C0CD9 /* Products */,
				056D90EC1DAD0870007C0CD9 /* Frameworks */,
			);
			sourceTree = "<group>";
		};
		056D90CC1DAD0076007C0CD9 /* Products */ = {
			isa = PBXGroup;
			children = (
				056D90CB1DAD0076007C0CD9 /* Lugares 2.0.app */,
			);
			name = Products;
			sourceTree = "<group>";
		};
		056D90CD1DAD0076007C0CD9 /* Lugares 2.0 */ = {
			isa = PBXGroup;
			children = (
				056D90CE1DAD0076007C0CD9 /* AppDelegate.swift */,
				056D90D01DAD0076007C0CD9 /* ViewController.swift */,
				056D90D21DAD0076007C0CD9 /* Main.storyboard */,
				056D90E21DAD01AA007C0CD9 /* PlaceCell.swift */,
				056D90EA1DAD0211007C0CD9 /* Place.swift */,
				056D90E41DAD01E3007C0CD9 /* ReviewViewController.swift */,
				056D90E51DAD01E3007C0CD9 /* DetailViewController.swift */,
				056D90E61DAD01E3007C0CD9 /* PlaceDetailViewCell.swift */,
				056D90EF1DAD09FC007C0CD9 /* MapViewController.swift */,
				056D90F11DAE7398007C0CD9 /* AddPlaceTableViewController.swift */,
				056D90D51DAD0076007C0CD9 /* Assets.xcassets */,
				056D90D71DAD0076007C0CD9 /* LaunchScreen.storyboard */,
				056D90DA1DAD0076007C0CD9 /* Info.plist */,
			);
			path = "Lugares 2.0";
			sourceTree = "<group>";
		};
		056D90EC1DAD0870007C0CD9 /* Frameworks */ = {
			isa = PBXGroup;
			children = (
				056D90ED1DAD0870007C0CD9 /* MapKit.framework */,
			);
			name = Frameworks;
			sourceTree = "<group>";
		};
/* End PBXGroup section */

/* Begin PBXNativeTarget section */
		056D90CA1DAD0076007C0CD9 /* Lugares 2.0 */ = {
			isa = PBXNativeTarget;
			buildConfigurationList = 056D90DD1DAD0076007C0CD9 /* Build configuration list for PBXNativeTarget "Lugares 2.0" */;
			buildPhases = (
				056D90C71DAD0076007C0CD9 /* Sources */,
				056D90C81DAD0076007C0CD9 /* Frameworks */,
				056D90C91DAD0076007C0CD9 /* Resources */,
			);
			buildRules = (
			);
			dependencies = (
			);
			name = "Lugares 2.0";
			productName = "Lugares 2.0";
			productReference = 056D90CB1DAD0076007C0CD9 /* Lugares 2.0.app */;
			productType = "com.apple.product-type.application";
		};
/* End PBXNativeTarget section */

/* Begin PBXProject section */
		056D90C31DAD0076007C0CD9 /* Project object */ = {
			isa = PBXProject;
			attributes = {
				LastSwiftUpdateCheck = 0800;
				LastUpgradeCheck = 0800;
				ORGANIZATIONNAME = "Rafael Larrosa Espejo";
				TargetAttributes = {
					056D90CA1DAD0076007C0CD9 = {
						CreatedOnToolsVersion = 8.0;
						DevelopmentTeam = 9LV878R2QJ;
						ProvisioningStyle = Automatic;
						SystemCapabilities = {
							com.apple.Maps.iOS = {
								enabled = 1;
							};
						};
					};
				};
			};
			buildConfigurationList = 056D90C61DAD0076007C0CD9 /* Build configuration list for PBXProject "Lugares 2.0" */;
			compatibilityVersion = "Xcode 3.2";
			developmentRegion = English;
			hasScannedForEncodings = 0;
			knownRegions = (
				en,
				Base,
			);
			mainGroup = 056D90C21DAD0076007C0CD9;
			productRefGroup = 056D90CC1DAD0076007C0CD9 /* Products */;
			projectDirPath = "";
			projectRoot = "";
			targets = (
				056D90CA1DAD0076007C0CD9 /* Lugares 2.0 */,
			);
		};
/* End PBXProject section */

/* Begin PBXResourcesBuildPhase section */
		056D90C91DAD0076007C0CD9 /* Resources */ = {
			isa = PBXResourcesBuildPhase;
			buildActionMask = 2147483647;
			files = (
				056D90D91DAD0076007C0CD9 /* LaunchScreen.storyboard in Resources */,
				056D90D61DAD0076007C0CD9 /* Assets.xcassets in Resources */,
				056D90D41DAD0076007C0CD9 /* Main.storyboard in Resources */,
			);
			runOnlyForDeploymentPostprocessing = 0;
		};
/* End PBXResourcesBuildPhase section */

/* Begin PBXSourcesBuildPhase section */
		056D90C71DAD0076007C0CD9 /* Sources */ = {
			isa = PBXSourcesBuildPhase;
			buildActionMask = 2147483647;
			files = (
				056D90D11DAD0076007C0CD9 /* ViewController.swift in Sources */,
				056D90E71DAD01E3007C0CD9 /* ReviewViewController.swift in Sources */,
				056D90E81DAD01E3007C0CD9 /* DetailViewController.swift in Sources */,
				056D90CF1DAD0076007C0CD9 /* AppDelegate.swift in Sources */,
				056D90E91DAD01E3007C0CD9 /* PlaceDetailViewCell.swift in Sources */,
				056D90F21DAE7398007C0CD9 /* AddPlaceTableViewController.swift in Sources */,
				056D90EB1DAD0211007C0CD9 /* Place.swift in Sources */,
				056D90E31DAD01AA007C0CD9 /* PlaceCell.swift in Sources */,
				056D90F01DAD09FC007C0CD9 /* MapViewController.swift in Sources */,
			);
			runOnlyForDeploymentPostprocessing = 0;
		};
/* End PBXSourcesBuildPhase section */

/* Begin PBXVariantGroup section */
		056D90D21DAD0076007C0CD9 /* Main.storyboard */ = {
			isa = PBXVariantGroup;
			children = (
				056D90D31DAD0076007C0CD9 /* Base */,
			);
			name = Main.storyboard;
			sourceTree = "<group>";
		};
		056D90D71DAD0076007C0CD9 /* LaunchScreen.storyboard */ = {
			isa = PBXVariantGroup;
			children = (
				056D90D81DAD0076007C0CD9 /* Base */,
			);
			name = LaunchScreen.storyboard;
			sourceTree = "<group>";
		};
/* End PBXVariantGroup section */

/* Begin XCBuildConfiguration section */
		056D90DB1DAD0076007C0CD9 /* Debug */ = {
			isa = XCBuildConfiguration;
			buildSettings = {
				ALWAYS_SEARCH_USER_PATHS = NO;
				CLANG_ANALYZER_NONNULL = YES;
				CLANG_CXX_LANGUAGE_STANDARD = "gnu++0x";
				CLANG_CXX_LIBRARY = "libc++";
				CLANG_ENABLE_MODULES = YES;
				CLANG_ENABLE_OBJC_ARC = YES;
				CLANG_WARN_BOOL_CONVERSION = YES;
				CLANG_WARN_CONSTANT_CONVERSION = YES;
				CLANG_WARN_DIRECT_OBJC_ISA_USAGE = YES_ERROR;
				CLANG_WARN_DOCUMENTATION_COMMENTS = YES;
				CLANG_WARN_EMPTY_BODY = YES;
				CLANG_WARN_ENUM_CONVERSION = YES;
				CLANG_WARN_INFINITE_RECURSION = YES;
				CLANG_WARN_INT_CONVERSION = YES;
				CLANG_WARN_OBJC_ROOT_CLASS = YES_ERROR;
				CLANG_WARN_SUSPICIOUS_MOVES = YES;
				CLANG_WARN_UNREACHABLE_CODE = YES;
				CLANG_WARN__DUPLICATE_METHOD_MATCH = YES;
				"CODE_SIGN_IDENTITY[sdk=iphoneos*]" = "iPhone Developer";
				COPY_PHASE_STRIP = NO;
				DEBUG_INFORMATION_FORMAT = dwarf;
				ENABLE_STRICT_OBJC_MSGSEND = YES;
				ENABLE_TESTABILITY = YES;
				GCC_C_LANGUAGE_STANDARD = gnu99;
				GCC_DYNAMIC_NO_PIC = NO;
				GCC_NO_COMMON_BLOCKS = YES;
				GCC_OPTIMIZATION_LEVEL = 0;
				GCC_PREPROCESSOR_DEFINITIONS = (
					"DEBUG=1",
					"$(inherited)",
				);
				GCC_WARN_64_TO_32_BIT_CONVERSION = YES;
				GCC_WARN_ABOUT_RETURN_TYPE = YES_ERROR;
				GCC_WARN_UNDECLARED_SELECTOR = YES;
				GCC_WARN_UNINITIALIZED_AUTOS = YES_AGGRESSIVE;
				GCC_WARN_UNUSED_FUNCTION = YES;
				GCC_WARN_UNUSED_VARIABLE = YES;
				IPHONEOS_DEPLOYMENT_TARGET = 10.0;
				MTL_ENABLE_DEBUG_INFO = YES;
				ONLY_ACTIVE_ARCH = YES;
				SDKROOT = iphoneos;
				SWIFT_ACTIVE_COMPILATION_CONDITIONS = DEBUG;
				SWIFT_OPTIMIZATION_LEVEL = "-Onone";
				TARGETED_DEVICE_FAMILY = "1,2";
			};
			name = Debug;
		};
		056D90DC1DAD0076007C0CD9 /* Release */ = {
			isa = XCBuildConfiguration;
			buildSettings = {
				ALWAYS_SEARCH_USER_PATHS = NO;
				CLANG_ANALYZER_NONNULL = YES;
				CLANG_CXX_LANGUAGE_STANDARD = "gnu++0x";
				CLANG_CXX_LIBRARY = "libc++";
				CLANG_ENABLE_MODULES = YES;
				CLANG_ENABLE_OBJC_ARC = YES;
				CLANG_WARN_BOOL_CONVERSION = YES;
				CLANG_WARN_CONSTANT_CONVERSION = YES;
				CLANG_WARN_DIRECT_OBJC_ISA_USAGE = YES_ERROR;
				CLANG_WARN_DOCUMENTATION_COMMENTS = YES;
				CLANG_WARN_EMPTY_BODY = YES;
				CLANG_WARN_ENUM_CONVERSION = YES;
				CLANG_WARN_INFINITE_RECURSION = YES;
				CLANG_WARN_INT_CONVERSION = YES;
				CLANG_WARN_OBJC_ROOT_CLASS = YES_ERROR;
				CLANG_WARN_SUSPICIOUS_MOVES = YES;
				CLANG_WARN_UNREACHABLE_CODE = YES;
				CLANG_WARN__DUPLICATE_METHOD_MATCH = YES;
				"CODE_SIGN_IDENTITY[sdk=iphoneos*]" = "iPhone Developer";
				COPY_PHASE_STRIP = NO;
				DEBUG_INFORMATION_FORMAT = "dwarf-with-dsym";
				ENABLE_NS_ASSERTIONS = NO;
				ENABLE_STRICT_OBJC_MSGSEND = YES;
				GCC_C_LANGUAGE_STANDARD = gnu99;
				GCC_NO_COMMON_BLOCKS = YES;
				GCC_WARN_64_TO_32_BIT_CONVERSION = YES;
				GCC_WARN_ABOUT_RETURN_TYPE = YES_ERROR;
				GCC_WARN_UNDECLARED_SELECTOR = YES;
				GCC_WARN_UNINITIALIZED_AUTOS = YES_AGGRESSIVE;
				GCC_WARN_UNUSED_FUNCTION = YES;
				GCC_WARN_UNUSED_VARIABLE = YES;
				IPHONEOS_DEPLOYMENT_TARGET = 10.0;
				MTL_ENABLE_DEBUG_INFO = NO;
				SDKROOT = iphoneos;
				SWIFT_OPTIMIZATION_LEVEL = "-Owholemodule";
				TARGETED_DEVICE_FAMILY = "1,2";
				VALIDATE_PRODUCT = YES;
			};
			name = Release;
		};
		056D90DE1DAD0076007C0CD9 /* Debug */ = {
			isa = XCBuildConfiguration;
			buildSettings = {
				ASSETCATALOG_COMPILER_APPICON_NAME = AppIcon;
				DEVELOPMENT_TEAM = 9LV878R2QJ;
				INFOPLIST_FILE = "Lugares 2.0/Info.plist";
				LD_RUNPATH_SEARCH_PATHS = "$(inherited) @executable_path/Frameworks";
				PRODUCT_BUNDLE_IDENTIFIER = "com.rafalarrosa.Lugares-2-0";
				PRODUCT_NAME = "$(TARGET_NAME)";
				SWIFT_VERSION = 3.0;
			};
			name = Debug;
		};
		056D90DF1DAD0076007C0CD9 /* Release */ = {
			isa = XCBuildConfiguration;
			buildSettings = {
				ASSETCATALOG_COMPILER_APPICON_NAME = AppIcon;
				DEVELOPMENT_TEAM = 9LV878R2QJ;
				INFOPLIST_FILE = "Lugares 2.0/Info.plist";
				LD_RUNPATH_SEARCH_PATHS = "$(inherited) @executable_path/Frameworks";
				PRODUCT_BUNDLE_IDENTIFIER = "com.rafalarrosa.Lugares-2-0";
				PRODUCT_NAME = "$(TARGET_NAME)";
				SWIFT_VERSION = 3.0;
			};
			name = Release;
		};
/* End XCBuildConfiguration section */

/* Begin XCConfigurationList section */
		056D90C61DAD0076007C0CD9 /* Build configuration list for PBXProject "Lugares 2.0" */ = {
			isa = XCConfigurationList;
			buildConfigurations = (
				056D90DB1DAD0076007C0CD9 /* Debug */,
				056D90DC1DAD0076007C0CD9 /* Release */,
			);
			defaultConfigurationIsVisible = 0;
			defaultConfigurationName = Release;
		};
		056D90DD1DAD0076007C0CD9 /* Build configuration list for PBXNativeTarget "Lugares 2.0" */ = {
			isa = XCConfigurationList;
			buildConfigurations = (
				056D90DE1DAD0076007C0CD9 /* Debug */,
				056D90DF1DAD0076007C0CD9 /* Release */,
			);
			defaultConfigurationIsVisible = 0;
		};
/* End XCConfigurationList section */
	};
	rootObject = 056D90C31DAD0076007C0CD9 /* Project object */;
}
